
Microsoft Visual Studio Solution File, Format Version 12.00
# Visual Studio Version 17
VisualStudioVersion = 17.6.33815.320
MinimumVisualStudioVersion = 10.0.40219.1
Project("{FAE04EC0-301F-11D3-BF4B-00C04F79EFBC}") = "wefrwefw", "wefrwefw.csproj", "{AD39AC55-EAE4-46D3-8F14-F4FDAEC39204}"
EndProject
Global
	GlobalSection(SolutionConfigurationPlatforms) = preSolution
		Debug|Any CPU = Debug|Any CPU
		Release|Any CPU = Release|Any CPU
	EndGlobalSection
	GlobalSection(ProjectConfigurationPlatforms) = postSolution
		{AD39AC55-EAE4-46D3-8F14-F4FDAEC39204}.Debug|Any CPU.ActiveCfg = Debug|Any CPU
		{AD39AC55-EAE4-46D3-8F14-F4FDAEC39204}.Debug|Any CPU.Build.0 = Debug|Any CPU
		{AD39AC55-EAE4-46D3-8F14-F4FDAEC39204}.Release|Any CPU.ActiveCfg = Release|Any CPU
		{AD39AC55-EAE4-46D3-8F14-F4FDAEC39204}.Release|Any CPU.Build.0 = Release|Any CPU
	EndGlobalSection
	GlobalSection(SolutionProperties) = preSolution
		HideSolutionNode = FALSE
	EndGlobalSection
	GlobalSection(ExtensibilityGlobals) = postSolution
		SolutionGuid = {2FF010E0-1984-435C-BE79-A73C8068D6DA}
	EndGlobalSection
EndGlobal
